
Microsoft Visual Studio Solution File, Format Version 12.00
# Visual Studio Version 17
VisualStudioVersion = 17.0.31903.59
MinimumVisualStudioVersion = 10.0.40219.1
Project("{FAE04EC0-301F-11D3-BF4B-00C04F79EFBC}") = "Slagsspel", "Slagsspel\Slagsspel.csproj", "{35C2945A-90BC-4458-99EB-A442B3338FEB}"
EndProject
Global
	GlobalSection(SolutionConfigurationPlatforms) = preSolution
		Debug|Any CPU = Debug|Any CPU
		Release|Any CPU = Release|Any CPU
	EndGlobalSection
	GlobalSection(SolutionProperties) = preSolution
		HideSolutionNode = FALSE
	EndGlobalSection
	GlobalSection(ProjectConfigurationPlatforms) = postSolution
		{35C2945A-90BC-4458-99EB-A442B3338FEB}.Debug|Any CPU.ActiveCfg = Debug|Any CPU
		{35C2945A-90BC-4458-99EB-A442B3338FEB}.Debug|Any CPU.Build.0 = Debug|Any CPU
		{35C2945A-90BC-4458-99EB-A442B3338FEB}.Release|Any CPU.ActiveCfg = Release|Any CPU
		{35C2945A-90BC-4458-99EB-A442B3338FEB}.Release|Any CPU.Build.0 = Release|Any CPU
	EndGlobalSection
EndGlobal
